// !$*UTF8*$!
{
	archiveVersion = 1;
	classes = {
	};
	objectVersion = 56;
	objects = {

/* Begin PBXBuildFile section */
		091EE4832BA84F5D00BEB51D /* AppDelegate.swift in Sources */ = {isa = PBXBuildFile; fileRef = 091EE4822BA84F5D00BEB51D /* AppDelegate.swift */; };
		091EE4852BA84F5D00BEB51D /* SceneDelegate.swift in Sources */ = {isa = PBXBuildFile; fileRef = 091EE4842BA84F5D00BEB51D /* SceneDelegate.swift */; };
		091EE4872BA84F5D00BEB51D /* ViewController.swift in Sources */ = {isa = PBXBuildFile; fileRef = 091EE4862BA84F5D00BEB51D /* ViewController.swift */; };
		091EE48A2BA84F5D00BEB51D /* Main.storyboard in Resources */ = {isa = PBXBuildFile; fileRef = 091EE4882BA84F5D00BEB51D /* Main.storyboard */; };
		091EE48C2BA84F5E00BEB51D /* Assets.xcassets in Resources */ = {isa = PBXBuildFile; fileRef = 091EE48B2BA84F5E00BEB51D /* Assets.xcassets */; };
		091EE48F2BA84F5E00BEB51D /* LaunchScreen.storyboard in Resources */ = {isa = PBXBuildFile; fileRef = 091EE48D2BA84F5E00BEB51D /* LaunchScreen.storyboard */; };
/* End PBXBuildFile section */

/* Begin PBXFileReference section */
		091EE47F2BA84F5D00BEB51D /* Ekaterina_Volobueva.app */ = {isa = PBXFileReference; explicitFileType = wrapper.application; includeInIndex = 0; path = Ekaterina_Volobueva.app; sourceTree = BUILT_PRODUCTS_DIR; };
		091EE4822BA84F5D00BEB51D /* AppDelegate.swift */ = {isa = PBXFileReference; lastKnownFileType = sourcecode.swift; path = AppDelegate.swift; sourceTree = "<group>"; };
		091EE4842BA84F5D00BEB51D /* SceneDelegate.swift */ = {isa = PBXFileReference; lastKnownFileType = sourcecode.swift; path = SceneDelegate.swift; sourceTree = "<group>"; };
		091EE4862BA84F5D00BEB51D /* ViewController.swift */ = {isa = PBXFileReference; lastKnownFileType = sourcecode.swift; path = ViewController.swift; sourceTree = "<group>"; };
		091EE4892BA84F5D00BEB51D /* Base */ = {isa = PBXFileReference; lastKnownFileType = file.storyboard; name = Base; path = Base.lproj/Main.storyboard; sourceTree = "<group>"; };
		091EE48B2BA84F5E00BEB51D /* Assets.xcassets */ = {isa = PBXFileReference; lastKnownFileType = folder.assetcatalog; path = Assets.xcassets; sourceTree = "<group>"; };
		091EE48E2BA84F5E00BEB51D /* Base */ = {isa = PBXFileReference; lastKnownFileType = file.storyboard; name = Base; path = Base.lproj/LaunchScreen.storyboard; sourceTree = "<group>"; };
		091EE4902BA84F5E00BEB51D /* Info.plist */ = {isa = PBXFileReference; lastKnownFileType = text.plist.xml; path = Info.plist; sourceTree = "<group>"; };
/* End PBXFileReference section */

/* Begin PBXFrameworksBuildPhase section */
		091EE47C2BA84F5D00BEB51D /* Frameworks */ = {
			isa = PBXFrameworksBuildPhase;
			buildActionMask = 2147483647;
			files = (
			);
			runOnlyForDeploymentPostprocessing = 0;
		};
/* End PBXFrameworksBuildPhase section */

/* Begin PBXGroup section */
		091EE4762BA84F5D00BEB51D = {
			isa = PBXGroup;
			children = (
				091EE4812BA84F5D00BEB51D /* Ekaterina_Volobueva */,
				091EE4802BA84F5D00BEB51D /* Products */,
			);
			sourceTree = "<group>";
		};
		091EE4802BA84F5D00BEB51D /* Products */ = {
			isa = PBXGroup;
			children = (
				091EE47F2BA84F5D00BEB51D /* Ekaterina_Volobueva.app */,
			);
			name = Products;
			sourceTree = "<group>";
		};
		091EE4812BA84F5D00BEB51D /* Ekaterina_Volobueva */ = {
			isa = PBXGroup;
			children = (
				091EE4822BA84F5D00BEB51D /* AppDelegate.swift */,
				091EE4842BA84F5D00BEB51D /* SceneDelegate.swift */,
				091EE4862BA84F5D00BEB51D /* ViewController.swift */,
				091EE4882BA84F5D00BEB51D /* Main.storyboard */,
				091EE48B2BA84F5E00BEB51D /* Assets.xcassets */,
				091EE48D2BA84F5E00BEB51D /* LaunchScreen.storyboard */,
				091EE4902BA84F5E00BEB51D /* Info.plist */,
			);
			path = Ekaterina_Volobueva;
			sourceTree = "<group>";
		};
/* End PBXGroup section */

/* Begin PBXNativeTarget section */
		091EE47E2BA84F5D00BEB51D /* Ekaterina_Volobueva */ = {
			isa = PBXNativeTarget;
			buildConfigurationList = 091EE4932BA84F5E00BEB51D /* Build configuration list for PBXNativeTarget "Ekaterina_Volobueva" */;
			buildPhases = (
				091EE47B2BA84F5D00BEB51D /* Sources */,
				091EE47C2BA84F5D00BEB51D /* Frameworks */,
				091EE47D2BA84F5D00BEB51D /* Resources */,
			);
			buildRules = (
			);
			dependencies = (
			);
			name = Ekaterina_Volobueva;
			productName = Ekaterina_Volobueva;
			productReference = 091EE47F2BA84F5D00BEB51D /* Ekaterina_Volobueva.app */;
			productType = "com.apple.product-type.application";
		};
/* End PBXNativeTarget section */

/* Begin PBXProject section */
		091EE4772BA84F5D00BEB51D /* Project object */ = {
			isa = PBXProject;
			attributes = {
				BuildIndependentTargetsInParallel = 1;
				LastSwiftUpdateCheck = 1430;
				LastUpgradeCheck = 1430;
				TargetAttributes = {
					091EE47E2BA84F5D00BEB51D = {
						CreatedOnToolsVersion = 14.3;
					};
				};
			};
			buildConfigurationList = 091EE47A2BA84F5D00BEB51D /* Build configuration list for PBXProject "Ekaterina_Volobueva" */;
			compatibilityVersion = "Xcode 14.0";
			developmentRegion = en;
			hasScannedForEncodings = 0;
			knownRegions = (
				en,
				Base,
			);
			mainGroup = 091EE4762BA84F5D00BEB51D;
			productRefGroup = 091EE4802BA84F5D00BEB51D /* Products */;
			projectDirPath = "";
			projectRoot = "";
			targets = (
				091EE47E2BA84F5D00BEB51D /* Ekaterina_Volobueva */,
			);
		};
/* End PBXProject section */

/* Begin PBXResourcesBuildPhase section */
		091EE47D2BA84F5D00BEB51D /* Resources */ = {
			isa = PBXResourcesBuildPhase;
			buildActionMask = 2147483647;
			files = (
				091EE48F2BA84F5E00BEB51D /* LaunchScreen.storyboard in Resources */,
				091EE48C2BA84F5E00BEB51D /* Assets.xcassets in Resources */,
				091EE48A2BA84F5D00BEB51D /* Main.storyboard in Resources */,
			);
			runOnlyForDeploymentPostprocessing = 0;
		};
/* End PBXResourcesBuildPhase section */

/* Begin PBXSourcesBuildPhase section */
		091EE47B2BA84F5D00BEB51D /* Sources */ = {
			isa = PBXSourcesBuildPhase;
			buildActionMask = 2147483647;
			files = (
				091EE4872BA84F5D00BEB51D /* ViewController.swift in Sources */,
				091EE4832BA84F5D00BEB51D /* AppDelegate.swift in Sources */,
				091EE4852BA84F5D00BEB51D /* SceneDelegate.swift in Sources */,
			);
			runOnlyForDeploymentPostprocessing = 0;
		};
/* End PBXSourcesBuildPhase section */

/* Begin PBXVariantGroup section */
		091EE4882BA84F5D00BEB51D /* Main.storyboard */ = {
			isa = PBXVariantGroup;
			children = (
				091EE4892BA84F5D00BEB51D /* Base */,
			);
			name = Main.storyboard;
			sourceTree = "<group>";
		};
		091EE48D2BA84F5E00BEB51D /* LaunchScreen.storyboard */ = {
			isa = PBXVariantGroup;
			children = (
				091EE48E2BA84F5E00BEB51D /* Base */,
			);
			name = LaunchScreen.storyboard;
			sourceTree = "<group>";
		};
/* End PBXVariantGroup section */

/* Begin XCBuildConfiguration section */
		091EE4912BA84F5E00BEB51D /* Debug */ = {
			isa = XCBuildConfiguration;
			buildSettings = {
				ALWAYS_SEARCH_USER_PATHS = NO;
				CLANG_ANALYZER_NONNULL = YES;
				CLANG_ANALYZER_NUMBER_OBJECT_CONVERSION = YES_AGGRESSIVE;
				CLANG_CXX_LANGUAGE_STANDARD = "gnu++20";
				CLANG_ENABLE_MODULES = YES;
				CLANG_ENABLE_OBJC_ARC = YES;
				CLANG_ENABLE_OBJC_WEAK = YES;
				CLANG_WARN_BLOCK_CAPTURE_AUTORELEASING = YES;
				CLANG_WARN_BOOL_CONVERSION = YES;
				CLANG_WARN_COMMA = YES;
				CLANG_WARN_CONSTANT_CONVERSION = YES;
				CLANG_WARN_DEPRECATED_OBJC_IMPLEMENTATIONS = YES;
				CLANG_WARN_DIRECT_OBJC_ISA_USAGE = YES_ERROR;
				CLANG_WARN_DOCUMENTATION_COMMENTS = YES;
				CLANG_WARN_EMPTY_BODY = YES;
				CLANG_WARN_ENUM_CONVERSION = YES;
				CLANG_WARN_INFINITE_RECURSION = YES;
				CLANG_WARN_INT_CONVERSION = YES;
				CLANG_WARN_NON_LITERAL_NULL_CONVERSION = YES;
				CLANG_WARN_OBJC_IMPLICIT_RETAIN_SELF = YES;
				CLANG_WARN_OBJC_LITERAL_CONVERSION = YES;
				CLANG_WARN_OBJC_ROOT_CLASS = YES_ERROR;
				CLANG_WARN_QUOTED_INCLUDE_IN_FRAMEWORK_HEADER = YES;
				CLANG_WARN_RANGE_LOOP_ANALYSIS = YES;
				CLANG_WARN_STRICT_PROTOTYPES = YES;
				CLANG_WARN_SUSPICIOUS_MOVE = YES;
				CLANG_WARN_UNGUARDED_AVAILABILITY = YES_AGGRESSIVE;
				CLANG_WARN_UNREACHABLE_CODE = YES;
				CLANG_WARN__DUPLICATE_METHOD_MATCH = YES;
				COPY_PHASE_STRIP = NO;
				DEBUG_INFORMATION_FORMAT = dwarf;
				ENABLE_STRICT_OBJC_MSGSEND = YES;
				ENABLE_TESTABILITY = YES;
				GCC_C_LANGUAGE_STANDARD = gnu11;
				GCC_DYNAMIC_NO_PIC = NO;
				GCC_NO_COMMON_BLOCKS = YES;
				GCC_OPTIMIZATION_LEVEL = 0;
				GCC_PREPROCESSOR_DEFINITIONS = (
					"DEBUG=1",
					"$(inherited)",
				);
				GCC_WARN_64_TO_32_BIT_CONVERSION = YES;
				GCC_WARN_ABOUT_RETURN_TYPE = YES_ERROR;
				GCC_WARN_UNDECLARED_SELECTOR = YES;
				GCC_WARN_UNINITIALIZED_AUTOS = YES_AGGRESSIVE;
				GCC_WARN_UNUSED_FUNCTION = YES;
				GCC_WARN_UNUSED_VARIABLE = YES;
				IPHONEOS_DEPLOYMENT_TARGET = 16.4;
				MTL_ENABLE_DEBUG_INFO = INCLUDE_SOURCE;
				MTL_FAST_MATH = YES;
				ONLY_ACTIVE_ARCH = YES;
				SDKROOT = iphoneos;
				SWIFT_ACTIVE_COMPILATION_CONDITIONS = DEBUG;
				SWIFT_OPTIMIZATION_LEVEL = "-Onone";
			};
			name = Debug;
		};
		091EE4922BA84F5E00BEB51D /* Release */ = {
			isa = XCBuildConfiguration;
			buildSettings = {
				ALWAYS_SEARCH_USER_PATHS = NO;
				CLANG_ANALYZER_NONNULL = YES;
				CLANG_ANALYZER_NUMBER_OBJECT_CONVERSION = YES_AGGRESSIVE;
				CLANG_CXX_LANGUAGE_STANDARD = "gnu++20";
				CLANG_ENABLE_MODULES = YES;
				CLANG_ENABLE_OBJC_ARC = YES;
				CLANG_ENABLE_OBJC_WEAK = YES;
				CLANG_WARN_BLOCK_CAPTURE_AUTORELEASING = YES;
				CLANG_WARN_BOOL_CONVERSION = YES;
				CLANG_WARN_COMMA = YES;
				CLANG_WARN_CONSTANT_CONVERSION = YES;
				CLANG_WARN_DEPRECATED_OBJC_IMPLEMENTATIONS = YES;
				CLANG_WARN_DIRECT_OBJC_ISA_USAGE = YES_ERROR;
				CLANG_WARN_DOCUMENTATION_COMMENTS = YES;
				CLANG_WARN_EMPTY_BODY = YES;
				CLANG_WARN_ENUM_CONVERSION = YES;
				CLANG_WARN_INFINITE_RECURSION = YES;
				CLANG_WARN_INT_CONVERSION = YES;
				CLANG_WARN_NON_LITERAL_NULL_CONVERSION = YES;
				CLANG_WARN_OBJC_IMPLICIT_RETAIN_SELF = YES;
				CLANG_WARN_OBJC_LITERAL_CONVERSION = YES;
				CLANG_WARN_OBJC_ROOT_CLASS = YES_ERROR;
				CLANG_WARN_QUOTED_INCLUDE_IN_FRAMEWORK_HEADER = YES;
				CLANG_WARN_RANGE_LOOP_ANALYSIS = YES;
				CLANG_WARN_STRICT_PROTOTYPES = YES;
				CLANG_WARN_SUSPICIOUS_MOVE = YES;
				CLANG_WARN_UNGUARDED_AVAILABILITY = YES_AGGRESSIVE;
				CLANG_WARN_UNREACHABLE_CODE = YES;
				CLANG_WARN__DUPLICATE_METHOD_MATCH = YES;
				COPY_PHASE_STRIP = NO;
				DEBUG_INFORMATION_FORMAT = "dwarf-with-dsym";
				ENABLE_NS_ASSERTIONS = NO;
				ENABLE_STRICT_OBJC_MSGSEND = YES;
				GCC_C_LANGUAGE_STANDARD = gnu11;
				GCC_NO_COMMON_BLOCKS = YES;
				GCC_WARN_64_TO_32_BIT_CONVERSION = YES;
				GCC_WARN_ABOUT_RETURN_TYPE = YES_ERROR;
				GCC_WARN_UNDECLARED_SELECTOR = YES;
				GCC_WARN_UNINITIALIZED_AUTOS = YES_AGGRESSIVE;
				GCC_WARN_UNUSED_FUNCTION = YES;
				GCC_WARN_UNUSED_VARIABLE = YES;
				IPHONEOS_DEPLOYMENT_TARGET = 16.4;
				MTL_ENABLE_DEBUG_INFO = NO;
				MTL_FAST_MATH = YES;
				SDKROOT = iphoneos;
				SWIFT_COMPILATION_MODE = wholemodule;
				SWIFT_OPTIMIZATION_LEVEL = "-O";
				VALIDATE_PRODUCT = YES;
			};
			name = Release;
		};
		091EE4942BA84F5E00BEB51D /* Debug */ = {
			isa = XCBuildConfiguration;
			buildSettings = {
				ASSETCATALOG_COMPILER_APPICON_NAME = AppIcon;
				ASSETCATALOG_COMPILER_GLOBAL_ACCENT_COLOR_NAME = AccentColor;
				CODE_SIGN_STYLE = Automatic;
				CURRENT_PROJECT_VERSION = 1;
				DEVELOPMENT_TEAM = KM5T4W7X2G;
				GENERATE_INFOPLIST_FILE = YES;
				INFOPLIST_FILE = Ekaterina_Volobueva/Info.plist;
				INFOPLIST_KEY_UIApplicationSupportsIndirectInputEvents = YES;
				INFOPLIST_KEY_UILaunchStoryboardName = LaunchScreen;
				INFOPLIST_KEY_UIMainStoryboardFile = Main;
				INFOPLIST_KEY_UISupportedInterfaceOrientations_iPad = "UIInterfaceOrientationPortrait UIInterfaceOrientationPortraitUpsideDown UIInterfaceOrientationLandscapeLeft UIInterfaceOrientationLandscapeRight";
				INFOPLIST_KEY_UISupportedInterfaceOrientations_iPhone = "UIInterfaceOrientationPortrait UIInterfaceOrientationLandscapeLeft UIInterfaceOrientationLandscapeRight";
				LD_RUNPATH_SEARCH_PATHS = (
					"$(inherited)",
					"@executable_path/Frameworks",
				);
				MARKETING_VERSION = 1.0;
				PRODUCT_BUNDLE_IDENTIFIER = "com.EkaterinaVolobueva.Ekaterina-Volobueva";
				PRODUCT_NAME = "$(TARGET_NAME)";
				SWIFT_EMIT_LOC_STRINGS = YES;
				SWIFT_VERSION = 5.0;
				TARGETED_DEVICE_FAMILY = "1,2";
			};
			name = Debug;
		};
		091EE4952BA84F5E00BEB51D /* Release */ = {
			isa = XCBuildConfiguration;
			buildSettings = {
				ASSETCATALOG_COMPILER_APPICON_NAME = AppIcon;
				ASSETCATALOG_COMPILER_GLOBAL_ACCENT_COLOR_NAME = AccentColor;
				CODE_SIGN_STYLE = Automatic;
				CURRENT_PROJECT_VERSION = 1;
				DEVELOPMENT_TEAM = KM5T4W7X2G;
				GENERATE_INFOPLIST_FILE = YES;
				INFOPLIST_FILE = Ekaterina_Volobueva/Info.plist;
				INFOPLIST_KEY_UIApplicationSupportsIndirectInputEvents = YES;
				INFOPLIST_KEY_UILaunchStoryboardName = LaunchScreen;
				INFOPLIST_KEY_UIMainStoryboardFile = Main;
				INFOPLIST_KEY_UISupportedInterfaceOrientations_iPad = "UIInterfaceOrientationPortrait UIInterfaceOrientationPortraitUpsideDown UIInterfaceOrientationLandscapeLeft UIInterfaceOrientationLandscapeRight";
				INFOPLIST_KEY_UISupportedInterfaceOrientations_iPhone = "UIInterfaceOrientationPortrait UIInterfaceOrientationLandscapeLeft UIInterfaceOrientationLandscapeRight";
				LD_RUNPATH_SEARCH_PATHS = (
					"$(inherited)",
					"@executable_path/Frameworks",
				);
				MARKETING_VERSION = 1.0;
				PRODUCT_BUNDLE_IDENTIFIER = "com.EkaterinaVolobueva.Ekaterina-Volobueva";
				PRODUCT_NAME = "$(TARGET_NAME)";
				SWIFT_EMIT_LOC_STRINGS = YES;
				SWIFT_VERSION = 5.0;
				TARGETED_DEVICE_FAMILY = "1,2";
			};
			name = Release;
		};
/* End XCBuildConfiguration section */

/* Begin XCConfigurationList section */
		091EE47A2BA84F5D00BEB51D /* Build configuration list for PBXProject "Ekaterina_Volobueva" */ = {
			isa = XCConfigurationList;
			buildConfigurations = (
				091EE4912BA84F5E00BEB51D /* Debug */,
				091EE4922BA84F5E00BEB51D /* Release */,
			);
			defaultConfigurationIsVisible = 0;
			defaultConfigurationName = Release;
		};
		091EE4932BA84F5E00BEB51D /* Build configuration list for PBXNativeTarget "Ekaterina_Volobueva" */ = {
			isa = XCConfigurationList;
			buildConfigurations = (
				091EE4942BA84F5E00BEB51D /* Debug */,
				091EE4952BA84F5E00BEB51D /* Release */,
			);
			defaultConfigurationIsVisible = 0;
			defaultConfigurationName = Release;
		};
/* End XCConfigurationList section */
	};
	rootObject = 091EE4772BA84F5D00BEB51D /* Project object */;
}
