// !$*UTF8*$!
{
	archiveVersion = 1;
	classes = {
	};
	objectVersion = 56;
	objects = {

/* Begin PBXBuildFile section */
		090344992BE1255A003130FA /* NetworkError.swift in Sources */ = {isa = PBXBuildFile; fileRef = 090344982BE1255A003130FA /* NetworkError.swift */; };
		091EE4C32BA85D5200BEB51D /* AppDelegate.swift in Sources */ = {isa = PBXBuildFile; fileRef = 091EE4C22BA85D5200BEB51D /* AppDelegate.swift */; };
		091EE4C52BA85D5200BEB51D /* SceneDelegate.swift in Sources */ = {isa = PBXBuildFile; fileRef = 091EE4C42BA85D5200BEB51D /* SceneDelegate.swift */; };
		091EE4CC2BA85D5300BEB51D /* Assets.xcassets in Resources */ = {isa = PBXBuildFile; fileRef = 091EE4CB2BA85D5300BEB51D /* Assets.xcassets */; };
		091EE4CF2BA85D5300BEB51D /* LaunchScreen.storyboard in Resources */ = {isa = PBXBuildFile; fileRef = 091EE4CD2BA85D5300BEB51D /* LaunchScreen.storyboard */; };
		09336E9E2BEA6D7E00215E00 /* MainViewModel.swift in Sources */ = {isa = PBXBuildFile; fileRef = 09336E9D2BEA6D7E00215E00 /* MainViewModel.swift */; };
		09EBA1702BDA2A6D00198D90 /* MainViewController.swift in Sources */ = {isa = PBXBuildFile; fileRef = 09EBA16F2BDA2A6D00198D90 /* MainViewController.swift */; };
		09EBA1732BDA3C0F00198D90 /* NetworkService.swift in Sources */ = {isa = PBXBuildFile; fileRef = 09EBA1722BDA3C0F00198D90 /* NetworkService.swift */; };
		09EBA1752BDA413D00198D90 /* RequestService.swift in Sources */ = {isa = PBXBuildFile; fileRef = 09EBA1742BDA413D00198D90 /* RequestService.swift */; };
		09EBA1782BDA430700198D90 /* Joke.swift in Sources */ = {isa = PBXBuildFile; fileRef = 09EBA1772BDA430700198D90 /* Joke.swift */; };
		09EBA17B2BDA43A500198D90 /* AppProvider.swift in Sources */ = {isa = PBXBuildFile; fileRef = 09EBA17A2BDA43A500198D90 /* AppProvider.swift */; };
		09EBA17D2BDA4A4100198D90 /* Posts.swift in Sources */ = {isa = PBXBuildFile; fileRef = 09EBA17C2BDA4A4100198D90 /* Posts.swift */; };
		09EBA1862BDA9C6A00198D90 /* MainViewPresenter.swift in Sources */ = {isa = PBXBuildFile; fileRef = 09EBA1852BDA9C6A00198D90 /* MainViewPresenter.swift */; };
		09EBA1882BDA9C7E00198D90 /* MainViewBuilder.swift in Sources */ = {isa = PBXBuildFile; fileRef = 09EBA1872BDA9C7E00198D90 /* MainViewBuilder.swift */; };
/* End PBXBuildFile section */

/* Begin PBXFileReference section */
		090344982BE1255A003130FA /* NetworkError.swift */ = {isa = PBXFileReference; lastKnownFileType = sourcecode.swift; path = NetworkError.swift; sourceTree = "<group>"; };
		091EE4BF2BA85D5200BEB51D /* architecture.app */ = {isa = PBXFileReference; explicitFileType = wrapper.application; includeInIndex = 0; path = architecture.app; sourceTree = BUILT_PRODUCTS_DIR; };
		091EE4C22BA85D5200BEB51D /* AppDelegate.swift */ = {isa = PBXFileReference; lastKnownFileType = sourcecode.swift; path = AppDelegate.swift; sourceTree = "<group>"; };
		091EE4C42BA85D5200BEB51D /* SceneDelegate.swift */ = {isa = PBXFileReference; lastKnownFileType = sourcecode.swift; path = SceneDelegate.swift; sourceTree = "<group>"; };
		091EE4CB2BA85D5300BEB51D /* Assets.xcassets */ = {isa = PBXFileReference; lastKnownFileType = folder.assetcatalog; path = Assets.xcassets; sourceTree = "<group>"; };
		091EE4CE2BA85D5300BEB51D /* Base */ = {isa = PBXFileReference; lastKnownFileType = file.storyboard; name = Base; path = Base.lproj/LaunchScreen.storyboard; sourceTree = "<group>"; };
		091EE4D02BA85D5300BEB51D /* Info.plist */ = {isa = PBXFileReference; lastKnownFileType = text.plist.xml; path = Info.plist; sourceTree = "<group>"; };
		09336E9D2BEA6D7E00215E00 /* MainViewModel.swift */ = {isa = PBXFileReference; lastKnownFileType = sourcecode.swift; path = MainViewModel.swift; sourceTree = "<group>"; };
		09EBA16F2BDA2A6D00198D90 /* MainViewController.swift */ = {isa = PBXFileReference; lastKnownFileType = sourcecode.swift; path = MainViewController.swift; sourceTree = "<group>"; };
		09EBA1722BDA3C0F00198D90 /* NetworkService.swift */ = {isa = PBXFileReference; lastKnownFileType = sourcecode.swift; path = NetworkService.swift; sourceTree = "<group>"; };
		09EBA1742BDA413D00198D90 /* RequestService.swift */ = {isa = PBXFileReference; lastKnownFileType = sourcecode.swift; path = RequestService.swift; sourceTree = "<group>"; };
		09EBA1772BDA430700198D90 /* Joke.swift */ = {isa = PBXFileReference; lastKnownFileType = sourcecode.swift; path = Joke.swift; sourceTree = "<group>"; };
		09EBA17A2BDA43A500198D90 /* AppProvider.swift */ = {isa = PBXFileReference; lastKnownFileType = sourcecode.swift; path = AppProvider.swift; sourceTree = "<group>"; };
		09EBA17C2BDA4A4100198D90 /* Posts.swift */ = {isa = PBXFileReference; lastKnownFileType = sourcecode.swift; path = Posts.swift; sourceTree = "<group>"; };
		09EBA1852BDA9C6A00198D90 /* MainViewPresenter.swift */ = {isa = PBXFileReference; lastKnownFileType = sourcecode.swift; path = MainViewPresenter.swift; sourceTree = "<group>"; };
		09EBA1872BDA9C7E00198D90 /* MainViewBuilder.swift */ = {isa = PBXFileReference; lastKnownFileType = sourcecode.swift; path = MainViewBuilder.swift; sourceTree = "<group>"; };
/* End PBXFileReference section */

/* Begin PBXFrameworksBuildPhase section */
		091EE4BC2BA85D5200BEB51D /* Frameworks */ = {
			isa = PBXFrameworksBuildPhase;
			buildActionMask = 2147483647;
			files = (
			);
			runOnlyForDeploymentPostprocessing = 0;
		};
/* End PBXFrameworksBuildPhase section */

/* Begin PBXGroup section */
		091EE4B62BA85D5200BEB51D = {
			isa = PBXGroup;
			children = (
				091EE4C12BA85D5200BEB51D /* architecture */,
				091EE4C02BA85D5200BEB51D /* Products */,
			);
			sourceTree = "<group>";
		};
		091EE4C02BA85D5200BEB51D /* Products */ = {
			isa = PBXGroup;
			children = (
				091EE4BF2BA85D5200BEB51D /* architecture.app */,
			);
			name = Products;
			sourceTree = "<group>";
		};
		091EE4C12BA85D5200BEB51D /* architecture */ = {
			isa = PBXGroup;
			children = (
				09EBA1802BDA9BCB00198D90 /* App */,
				09EBA1812BDA9BF100198D90 /* Modules */,
				09EBA1762BDA42F300198D90 /* Models */,
				09EBA1792BDA438800198D90 /* Services */,
				09EBA1712BDA3BEE00198D90 /* NetworkService */,
				091EE4CB2BA85D5300BEB51D /* Assets.xcassets */,
				091EE4CD2BA85D5300BEB51D /* LaunchScreen.storyboard */,
				091EE4D02BA85D5300BEB51D /* Info.plist */,
			);
			path = architecture;
			sourceTree = "<group>";
		};
		09EBA1712BDA3BEE00198D90 /* NetworkService */ = {
			isa = PBXGroup;
			children = (
				09EBA1722BDA3C0F00198D90 /* NetworkService.swift */,
				09EBA1742BDA413D00198D90 /* RequestService.swift */,
				090344982BE1255A003130FA /* NetworkError.swift */,
			);
			path = NetworkService;
			sourceTree = "<group>";
		};
		09EBA1762BDA42F300198D90 /* Models */ = {
			isa = PBXGroup;
			children = (
				09EBA1772BDA430700198D90 /* Joke.swift */,
				09EBA17C2BDA4A4100198D90 /* Posts.swift */,
				09336E9D2BEA6D7E00215E00 /* MainViewModel.swift */,
			);
			path = Models;
			sourceTree = "<group>";
		};
		09EBA1792BDA438800198D90 /* Services */ = {
			isa = PBXGroup;
			children = (
				09EBA17A2BDA43A500198D90 /* AppProvider.swift */,
			);
			path = Services;
			sourceTree = "<group>";
		};
		09EBA1802BDA9BCB00198D90 /* App */ = {
			isa = PBXGroup;
			children = (
				091EE4C42BA85D5200BEB51D /* SceneDelegate.swift */,
				091EE4C22BA85D5200BEB51D /* AppDelegate.swift */,
			);
			path = App;
			sourceTree = "<group>";
		};
		09EBA1812BDA9BF100198D90 /* Modules */ = {
			isa = PBXGroup;
			children = (
				09EBA1822BDA9BFA00198D90 /* MainScreenMVP */,
			);
			path = Modules;
			sourceTree = "<group>";
		};
		09EBA1822BDA9BFA00198D90 /* MainScreenMVP */ = {
			isa = PBXGroup;
			children = (
				09EBA16F2BDA2A6D00198D90 /* MainViewController.swift */,
				09EBA1852BDA9C6A00198D90 /* MainViewPresenter.swift */,
				09EBA1872BDA9C7E00198D90 /* MainViewBuilder.swift */,
			);
			path = MainScreenMVP;
			sourceTree = "<group>";
		};
/* End PBXGroup section */

/* Begin PBXNativeTarget section */
		091EE4BE2BA85D5200BEB51D /* architecture */ = {
			isa = PBXNativeTarget;
			buildConfigurationList = 091EE4D32BA85D5300BEB51D /* Build configuration list for PBXNativeTarget "architecture" */;
			buildPhases = (
				091EE4BB2BA85D5200BEB51D /* Sources */,
				091EE4BC2BA85D5200BEB51D /* Frameworks */,
				091EE4BD2BA85D5200BEB51D /* Resources */,
			);
			buildRules = (
			);
			dependencies = (
			);
			name = architecture;
			productName = architecture;
			productReference = 091EE4BF2BA85D5200BEB51D /* architecture.app */;
			productType = "com.apple.product-type.application";
		};
/* End PBXNativeTarget section */

/* Begin PBXProject section */
		091EE4B72BA85D5200BEB51D /* Project object */ = {
			isa = PBXProject;
			attributes = {
				BuildIndependentTargetsInParallel = 1;
				LastSwiftUpdateCheck = 1430;
				LastUpgradeCheck = 1530;
				TargetAttributes = {
					091EE4BE2BA85D5200BEB51D = {
						CreatedOnToolsVersion = 14.3;
					};
				};
			};
			buildConfigurationList = 091EE4BA2BA85D5200BEB51D /* Build configuration list for PBXProject "architecture" */;
			compatibilityVersion = "Xcode 14.0";
			developmentRegion = en;
			hasScannedForEncodings = 0;
			knownRegions = (
				en,
				Base,
			);
			mainGroup = 091EE4B62BA85D5200BEB51D;
			productRefGroup = 091EE4C02BA85D5200BEB51D /* Products */;
			projectDirPath = "";
			projectRoot = "";
			targets = (
				091EE4BE2BA85D5200BEB51D /* architecture */,
			);
		};
/* End PBXProject section */

/* Begin PBXResourcesBuildPhase section */
		091EE4BD2BA85D5200BEB51D /* Resources */ = {
			isa = PBXResourcesBuildPhase;
			buildActionMask = 2147483647;
			files = (
				091EE4CF2BA85D5300BEB51D /* LaunchScreen.storyboard in Resources */,
				091EE4CC2BA85D5300BEB51D /* Assets.xcassets in Resources */,
			);
			runOnlyForDeploymentPostprocessing = 0;
		};
/* End PBXResourcesBuildPhase section */

/* Begin PBXSourcesBuildPhase section */
		091EE4BB2BA85D5200BEB51D /* Sources */ = {
			isa = PBXSourcesBuildPhase;
			buildActionMask = 2147483647;
			files = (
				09EBA1882BDA9C7E00198D90 /* MainViewBuilder.swift in Sources */,
				09EBA1702BDA2A6D00198D90 /* MainViewController.swift in Sources */,
				09EBA1862BDA9C6A00198D90 /* MainViewPresenter.swift in Sources */,
				091EE4C32BA85D5200BEB51D /* AppDelegate.swift in Sources */,
				09EBA17B2BDA43A500198D90 /* AppProvider.swift in Sources */,
				09EBA17D2BDA4A4100198D90 /* Posts.swift in Sources */,
				09EBA1782BDA430700198D90 /* Joke.swift in Sources */,
				09EBA1732BDA3C0F00198D90 /* NetworkService.swift in Sources */,
				090344992BE1255A003130FA /* NetworkError.swift in Sources */,
				09EBA1752BDA413D00198D90 /* RequestService.swift in Sources */,
				091EE4C52BA85D5200BEB51D /* SceneDelegate.swift in Sources */,
				09336E9E2BEA6D7E00215E00 /* MainViewModel.swift in Sources */,
			);
			runOnlyForDeploymentPostprocessing = 0;
		};
/* End PBXSourcesBuildPhase section */

/* Begin PBXVariantGroup section */
		091EE4CD2BA85D5300BEB51D /* LaunchScreen.storyboard */ = {
			isa = PBXVariantGroup;
			children = (
				091EE4CE2BA85D5300BEB51D /* Base */,
			);
			name = LaunchScreen.storyboard;
			sourceTree = "<group>";
		};
/* End PBXVariantGroup section */

/* Begin XCBuildConfiguration section */
		091EE4D12BA85D5300BEB51D /* Debug */ = {
			isa = XCBuildConfiguration;
			buildSettings = {
				ALWAYS_SEARCH_USER_PATHS = NO;
				CLANG_ANALYZER_NONNULL = YES;
				CLANG_ANALYZER_NUMBER_OBJECT_CONVERSION = YES_AGGRESSIVE;
				CLANG_CXX_LANGUAGE_STANDARD = "gnu++20";
				CLANG_ENABLE_MODULES = YES;
				CLANG_ENABLE_OBJC_ARC = YES;
				CLANG_ENABLE_OBJC_WEAK = YES;
				CLANG_WARN_BLOCK_CAPTURE_AUTORELEASING = YES;
				CLANG_WARN_BOOL_CONVERSION = YES;
				CLANG_WARN_COMMA = YES;
				CLANG_WARN_CONSTANT_CONVERSION = YES;
				CLANG_WARN_DEPRECATED_OBJC_IMPLEMENTATIONS = YES;
				CLANG_WARN_DIRECT_OBJC_ISA_USAGE = YES_ERROR;
				CLANG_WARN_DOCUMENTATION_COMMENTS = YES;
				CLANG_WARN_EMPTY_BODY = YES;
				CLANG_WARN_ENUM_CONVERSION = YES;
				CLANG_WARN_INFINITE_RECURSION = YES;
				CLANG_WARN_INT_CONVERSION = YES;
				CLANG_WARN_NON_LITERAL_NULL_CONVERSION = YES;
				CLANG_WARN_OBJC_IMPLICIT_RETAIN_SELF = YES;
				CLANG_WARN_OBJC_LITERAL_CONVERSION = YES;
				CLANG_WARN_OBJC_ROOT_CLASS = YES_ERROR;
				CLANG_WARN_QUOTED_INCLUDE_IN_FRAMEWORK_HEADER = YES;
				CLANG_WARN_RANGE_LOOP_ANALYSIS = YES;
				CLANG_WARN_STRICT_PROTOTYPES = YES;
				CLANG_WARN_SUSPICIOUS_MOVE = YES;
				CLANG_WARN_UNGUARDED_AVAILABILITY = YES_AGGRESSIVE;
				CLANG_WARN_UNREACHABLE_CODE = YES;
				CLANG_WARN__DUPLICATE_METHOD_MATCH = YES;
				COPY_PHASE_STRIP = NO;
				DEBUG_INFORMATION_FORMAT = dwarf;
				ENABLE_STRICT_OBJC_MSGSEND = YES;
				ENABLE_TESTABILITY = YES;
				ENABLE_USER_SCRIPT_SANDBOXING = YES;
				GCC_C_LANGUAGE_STANDARD = gnu11;
				GCC_DYNAMIC_NO_PIC = NO;
				GCC_NO_COMMON_BLOCKS = YES;
				GCC_OPTIMIZATION_LEVEL = 0;
				GCC_PREPROCESSOR_DEFINITIONS = (
					"DEBUG=1",
					"$(inherited)",
				);
				GCC_WARN_64_TO_32_BIT_CONVERSION = YES;
				GCC_WARN_ABOUT_RETURN_TYPE = YES_ERROR;
				GCC_WARN_UNDECLARED_SELECTOR = YES;
				GCC_WARN_UNINITIALIZED_AUTOS = YES_AGGRESSIVE;
				GCC_WARN_UNUSED_FUNCTION = YES;
				GCC_WARN_UNUSED_VARIABLE = YES;
				IPHONEOS_DEPLOYMENT_TARGET = 16.4;
				MTL_ENABLE_DEBUG_INFO = INCLUDE_SOURCE;
				MTL_FAST_MATH = YES;
				ONLY_ACTIVE_ARCH = YES;
				SDKROOT = iphoneos;
				SWIFT_ACTIVE_COMPILATION_CONDITIONS = DEBUG;
				SWIFT_OPTIMIZATION_LEVEL = "-Onone";
			};
			name = Debug;
		};
		091EE4D22BA85D5300BEB51D /* Release */ = {
			isa = XCBuildConfiguration;
			buildSettings = {
				ALWAYS_SEARCH_USER_PATHS = NO;
				CLANG_ANALYZER_NONNULL = YES;
				CLANG_ANALYZER_NUMBER_OBJECT_CONVERSION = YES_AGGRESSIVE;
				CLANG_CXX_LANGUAGE_STANDARD = "gnu++20";
				CLANG_ENABLE_MODULES = YES;
				CLANG_ENABLE_OBJC_ARC = YES;
				CLANG_ENABLE_OBJC_WEAK = YES;
				CLANG_WARN_BLOCK_CAPTURE_AUTORELEASING = YES;
				CLANG_WARN_BOOL_CONVERSION = YES;
				CLANG_WARN_COMMA = YES;
				CLANG_WARN_CONSTANT_CONVERSION = YES;
				CLANG_WARN_DEPRECATED_OBJC_IMPLEMENTATIONS = YES;
				CLANG_WARN_DIRECT_OBJC_ISA_USAGE = YES_ERROR;
				CLANG_WARN_DOCUMENTATION_COMMENTS = YES;
				CLANG_WARN_EMPTY_BODY = YES;
				CLANG_WARN_ENUM_CONVERSION = YES;
				CLANG_WARN_INFINITE_RECURSION = YES;
				CLANG_WARN_INT_CONVERSION = YES;
				CLANG_WARN_NON_LITERAL_NULL_CONVERSION = YES;
				CLANG_WARN_OBJC_IMPLICIT_RETAIN_SELF = YES;
				CLANG_WARN_OBJC_LITERAL_CONVERSION = YES;
				CLANG_WARN_OBJC_ROOT_CLASS = YES_ERROR;
				CLANG_WARN_QUOTED_INCLUDE_IN_FRAMEWORK_HEADER = YES;
				CLANG_WARN_RANGE_LOOP_ANALYSIS = YES;
				CLANG_WARN_STRICT_PROTOTYPES = YES;
				CLANG_WARN_SUSPICIOUS_MOVE = YES;
				CLANG_WARN_UNGUARDED_AVAILABILITY = YES_AGGRESSIVE;
				CLANG_WARN_UNREACHABLE_CODE = YES;
				CLANG_WARN__DUPLICATE_METHOD_MATCH = YES;
				COPY_PHASE_STRIP = NO;
				DEBUG_INFORMATION_FORMAT = "dwarf-with-dsym";
				ENABLE_NS_ASSERTIONS = NO;
				ENABLE_STRICT_OBJC_MSGSEND = YES;
				ENABLE_USER_SCRIPT_SANDBOXING = YES;
				GCC_C_LANGUAGE_STANDARD = gnu11;
				GCC_NO_COMMON_BLOCKS = YES;
				GCC_WARN_64_TO_32_BIT_CONVERSION = YES;
				GCC_WARN_ABOUT_RETURN_TYPE = YES_ERROR;
				GCC_WARN_UNDECLARED_SELECTOR = YES;
				GCC_WARN_UNINITIALIZED_AUTOS = YES_AGGRESSIVE;
				GCC_WARN_UNUSED_FUNCTION = YES;
				GCC_WARN_UNUSED_VARIABLE = YES;
				IPHONEOS_DEPLOYMENT_TARGET = 16.4;
				MTL_ENABLE_DEBUG_INFO = NO;
				MTL_FAST_MATH = YES;
				SDKROOT = iphoneos;
				SWIFT_COMPILATION_MODE = wholemodule;
				SWIFT_OPTIMIZATION_LEVEL = "-O";
				VALIDATE_PRODUCT = YES;
			};
			name = Release;
		};
		091EE4D42BA85D5300BEB51D /* Debug */ = {
			isa = XCBuildConfiguration;
			buildSettings = {
				ASSETCATALOG_COMPILER_APPICON_NAME = AppIcon;
				ASSETCATALOG_COMPILER_GLOBAL_ACCENT_COLOR_NAME = AccentColor;
				CODE_SIGN_STYLE = Automatic;
				CURRENT_PROJECT_VERSION = 1;
				DEVELOPMENT_TEAM = KM5T4W7X2G;
				GENERATE_INFOPLIST_FILE = YES;
				INFOPLIST_FILE = architecture/Info.plist;
				INFOPLIST_KEY_UIApplicationSupportsIndirectInputEvents = YES;
				INFOPLIST_KEY_UILaunchStoryboardName = LaunchScreen;
				INFOPLIST_KEY_UISupportedInterfaceOrientations_iPad = "UIInterfaceOrientationPortrait UIInterfaceOrientationPortraitUpsideDown UIInterfaceOrientationLandscapeLeft UIInterfaceOrientationLandscapeRight";
				INFOPLIST_KEY_UISupportedInterfaceOrientations_iPhone = "UIInterfaceOrientationPortrait UIInterfaceOrientationLandscapeLeft UIInterfaceOrientationLandscapeRight";
				LD_RUNPATH_SEARCH_PATHS = (
					"$(inherited)",
					"@executable_path/Frameworks",
				);
				MARKETING_VERSION = 1.0;
				PRODUCT_BUNDLE_IDENTIFIER = com.EkaterinaVolobueva.architecture;
				PRODUCT_NAME = "$(TARGET_NAME)";
				SWIFT_EMIT_LOC_STRINGS = YES;
				SWIFT_VERSION = 5.0;
				TARGETED_DEVICE_FAMILY = "1,2";
			};
			name = Debug;
		};
		091EE4D52BA85D5300BEB51D /* Release */ = {
			isa = XCBuildConfiguration;
			buildSettings = {
				ASSETCATALOG_COMPILER_APPICON_NAME = AppIcon;
				ASSETCATALOG_COMPILER_GLOBAL_ACCENT_COLOR_NAME = AccentColor;
				CODE_SIGN_STYLE = Automatic;
				CURRENT_PROJECT_VERSION = 1;
				DEVELOPMENT_TEAM = KM5T4W7X2G;
				GENERATE_INFOPLIST_FILE = YES;
				INFOPLIST_FILE = architecture/Info.plist;
				INFOPLIST_KEY_UIApplicationSupportsIndirectInputEvents = YES;
				INFOPLIST_KEY_UILaunchStoryboardName = LaunchScreen;
				INFOPLIST_KEY_UISupportedInterfaceOrientations_iPad = "UIInterfaceOrientationPortrait UIInterfaceOrientationPortraitUpsideDown UIInterfaceOrientationLandscapeLeft UIInterfaceOrientationLandscapeRight";
				INFOPLIST_KEY_UISupportedInterfaceOrientations_iPhone = "UIInterfaceOrientationPortrait UIInterfaceOrientationLandscapeLeft UIInterfaceOrientationLandscapeRight";
				LD_RUNPATH_SEARCH_PATHS = (
					"$(inherited)",
					"@executable_path/Frameworks",
				);
				MARKETING_VERSION = 1.0;
				PRODUCT_BUNDLE_IDENTIFIER = com.EkaterinaVolobueva.architecture;
				PRODUCT_NAME = "$(TARGET_NAME)";
				SWIFT_EMIT_LOC_STRINGS = YES;
				SWIFT_VERSION = 5.0;
				TARGETED_DEVICE_FAMILY = "1,2";
			};
			name = Release;
		};
/* End XCBuildConfiguration section */

/* Begin XCConfigurationList section */
		091EE4BA2BA85D5200BEB51D /* Build configuration list for PBXProject "architecture" */ = {
			isa = XCConfigurationList;
			buildConfigurations = (
				091EE4D12BA85D5300BEB51D /* Debug */,
				091EE4D22BA85D5300BEB51D /* Release */,
			);
			defaultConfigurationIsVisible = 0;
			defaultConfigurationName = Release;
		};
		091EE4D32BA85D5300BEB51D /* Build configuration list for PBXNativeTarget "architecture" */ = {
			isa = XCConfigurationList;
			buildConfigurations = (
				091EE4D42BA85D5300BEB51D /* Debug */,
				091EE4D52BA85D5300BEB51D /* Release */,
			);
			defaultConfigurationIsVisible = 0;
			defaultConfigurationName = Release;
		};
/* End XCConfigurationList section */
	};
	rootObject = 091EE4B72BA85D5200BEB51D /* Project object */;
}
